{
    "name": "bngl",
    "version": "0.2.8",
    "lockfileVersion": 2,
    "requires": true,
    "packages": {
        "": {
            "name": "bngl",
            "version": "0.2.8",
            "dependencies": {
                "cytoscape": "^3.18.0",
                "cytoscape-graphml": "^1.0.6",
                "jquery": "^3.5.1",
                "plotly": "^1.0.6"
            },
            "engines": {
                "vscode": "^1.52.0"
            }
        },
        "node_modules/cytoscape": {
            "version": "3.18.0",
            "resolved": "https://registry.npmjs.org/cytoscape/-/cytoscape-3.18.0.tgz",
            "integrity": "sha512-9GeAWkcy8gzecNyUGqFe2P42JgA8O+pJ4bFxr85jyXmH92042e/e9ERMqwfM1UWGMfIDasMoe7dvKMLGlF5vzQ==",
            "dependencies": {
                "heap": "^0.2.6",
                "lodash.debounce": "^4.0.8"
            },
            "engines": {
                "node": ">=0.10"
            }
        },
        "node_modules/cytoscape-graphml": {
            "version": "1.0.6",
            "resolved": "https://registry.npmjs.org/cytoscape-graphml/-/cytoscape-graphml-1.0.6.tgz",
            "integrity": "sha512-uKN8hRodMaBZK7OOOO+vrvxmDAjYwSDecc4exf7834/ifZBNFjN6FGC8exQ1f1NDcM+vL7SnVN1Puq0QhnASRg==",
            "peerDependencies": {
                "cytoscape": "^3.2.0",
                "jquery": "^1.7.0 || ^2.0.0 || ^3.0.0"
            }
        },
        "node_modules/heap": {
            "version": "0.2.6",
            "resolved": "https://registry.npmjs.org/heap/-/heap-0.2.6.tgz",
            "integrity": "sha1-CH4fELBGky/IWU3Z5tN4r8nR5aw="
        },
        "node_modules/jquery": {
            "version": "3.5.1",
            "resolved": "https://registry.npmjs.org/jquery/-/jquery-3.5.1.tgz",
            "integrity": "sha512-XwIBPqcMn57FxfT+Go5pzySnm4KWkT1Tv7gjrpT1srtf8Weynl6R273VJ5GjkRb51IzMp5nbaPjJXMWeju2MKg=="
        },
        "node_modules/lodash.debounce": {
            "version": "4.0.8",
            "resolved": "https://registry.npmjs.org/lodash.debounce/-/lodash.debounce-4.0.8.tgz",
            "integrity": "sha1-gteb/zCmfEAF/9XiUVMArZyk168="
        },
        "node_modules/minimist": {
            "version": "1.2.5",
            "resolved": "https://registry.npmjs.org/minimist/-/minimist-1.2.5.tgz",
            "integrity": "sha512-FM9nNUYrRBAELZQT3xeZQ7fmMOBg6nWNmJKTcgsJeaLstP/UODVpGsr5OhXhhXg6f+qtJ8uiZ+PUxkDWcgIXLw=="
        },
        "node_modules/mkdirp": {
            "version": "0.5.5",
            "resolved": "https://registry.npmjs.org/mkdirp/-/mkdirp-0.5.5.tgz",
            "integrity": "sha512-NKmAlESf6jMGym1++R0Ra7wvhV+wFW63FaSOFPwRahvea0gMUcGUhVeAg/0BC0wiv9ih5NYPB1Wn1UEI1/L+xQ==",
            "dependencies": {
                "minimist": "^1.2.5"
            },
            "bin": {
                "mkdirp": "bin/cmd.js"
            }
        },
        "node_modules/plotly": {
            "version": "1.0.6",
            "resolved": "https://registry.npmjs.org/plotly/-/plotly-1.0.6.tgz",
            "integrity": "sha1-smcsPfiDM2Jb32hJgtDj9lIdeqo=",
            "dependencies": {
                "mkdirp": "~0.5.0"
            }
        }
    },
    "dependencies": {
        "cytoscape": {
            "version": "3.18.0",
            "resolved": "https://registry.npmjs.org/cytoscape/-/cytoscape-3.18.0.tgz",
            "integrity": "sha512-9GeAWkcy8gzecNyUGqFe2P42JgA8O+pJ4bFxr85jyXmH92042e/e9ERMqwfM1UWGMfIDasMoe7dvKMLGlF5vzQ==",
            "requires": {
                "heap": "^0.2.6",
                "lodash.debounce": "^4.0.8"
            }
        },
        "cytoscape-graphml": {
            "version": "1.0.6",
            "resolved": "https://registry.npmjs.org/cytoscape-graphml/-/cytoscape-graphml-1.0.6.tgz",
            "integrity": "sha512-uKN8hRodMaBZK7OOOO+vrvxmDAjYwSDecc4exf7834/ifZBNFjN6FGC8exQ1f1NDcM+vL7SnVN1Puq0QhnASRg==",
            "requires": {}
        },
        "heap": {
            "version": "0.2.6",
            "resolved": "https://registry.npmjs.org/heap/-/heap-0.2.6.tgz",
            "integrity": "sha1-CH4fELBGky/IWU3Z5tN4r8nR5aw="
        },
        "jquery": {
            "version": "3.5.1",
            "resolved": "https://registry.npmjs.org/jquery/-/jquery-3.5.1.tgz",
            "integrity": "sha512-XwIBPqcMn57FxfT+Go5pzySnm4KWkT1Tv7gjrpT1srtf8Weynl6R273VJ5GjkRb51IzMp5nbaPjJXMWeju2MKg=="
        },
        "lodash.debounce": {
            "version": "4.0.8",
            "resolved": "https://registry.npmjs.org/lodash.debounce/-/lodash.debounce-4.0.8.tgz",
            "integrity": "sha1-gteb/zCmfEAF/9XiUVMArZyk168="
        },
        "minimist": {
            "version": "1.2.5",
            "resolved": "https://registry.npmjs.org/minimist/-/minimist-1.2.5.tgz",
            "integrity": "sha512-FM9nNUYrRBAELZQT3xeZQ7fmMOBg6nWNmJKTcgsJeaLstP/UODVpGsr5OhXhhXg6f+qtJ8uiZ+PUxkDWcgIXLw=="
        },
        "mkdirp": {
            "version": "0.5.5",
            "resolved": "https://registry.npmjs.org/mkdirp/-/mkdirp-0.5.5.tgz",
            "integrity": "sha512-NKmAlESf6jMGym1++R0Ra7wvhV+wFW63FaSOFPwRahvea0gMUcGUhVeAg/0BC0wiv9ih5NYPB1Wn1UEI1/L+xQ==",
            "requires": {
                "minimist": "^1.2.5"
            }
        },
        "plotly": {
            "version": "1.0.6",
            "resolved": "https://registry.npmjs.org/plotly/-/plotly-1.0.6.tgz",
            "integrity": "sha1-smcsPfiDM2Jb32hJgtDj9lIdeqo=",
            "requires": {
                "mkdirp": "~0.5.0"
            }
        }
    }
}
